
Microsoft Visual Studio Solution File, Format Version 12.00
# Visual Studio Version 17
VisualStudioVersion = 17.5.002.0
MinimumVisualStudioVersion = 10.0.40219.1
Project("{9A19103F-16F7-4668-BE54-9A1E7A4F7556}") = "apl2003", "apl2003.csproj", "{8BDF6608-76EC-47DD-9DF2-ABA603D52D41}"
EndProject
Global
	GlobalSection(SolutionConfigurationPlatforms) = preSolution
		Debug|Any CPU = Debug|Any CPU
		Release|Any CPU = Release|Any CPU
	EndGlobalSection
	GlobalSection(ProjectConfigurationPlatforms) = postSolution
		{8BDF6608-76EC-47DD-9DF2-ABA603D52D41}.Debug|Any CPU.ActiveCfg = Debug|Any CPU
		{8BDF6608-76EC-47DD-9DF2-ABA603D52D41}.Debug|Any CPU.Build.0 = Debug|Any CPU
		{8BDF6608-76EC-47DD-9DF2-ABA603D52D41}.Release|Any CPU.ActiveCfg = Release|Any CPU
		{8BDF6608-76EC-47DD-9DF2-ABA603D52D41}.Release|Any CPU.Build.0 = Release|Any CPU
	EndGlobalSection
	GlobalSection(SolutionProperties) = preSolution
		HideSolutionNode = FALSE
	EndGlobalSection
	GlobalSection(ExtensibilityGlobals) = postSolution
		SolutionGuid = {F144D958-0723-484A-A0AD-F270E18E747B}
	EndGlobalSection
EndGlobal
